
Microsoft Visual Studio Solution File, Format Version 12.00
# Visual Studio 15
Project("{FAE04EC0-301F-11D3-BF4B-00C04F79EFBC}") = "Assembly-CSharp", "Assembly-CSharp.csproj", "{875CDF13-C8DB-EC70-F895-FB4066CA3C78}"
EndProject
Project("{FAE04EC0-301F-11D3-BF4B-00C04F79EFBC}") = "Assembly-CSharp-Editor", "Assembly-CSharp-Editor.csproj", "{26BEB5F5-03E8-E496-7E97-921952684867}"
EndProject
Global
	GlobalSection(SolutionConfigurationPlatforms) = preSolution
		Debug|Any CPU = Debug|Any CPU
		Release|Any CPU = Release|Any CPU
	EndGlobalSection
	GlobalSection(ProjectConfigurationPlatforms) = postSolution
		{875CDF13-C8DB-EC70-F895-FB4066CA3C78}.Debug|Any CPU.ActiveCfg = Debug|Any CPU
		{875CDF13-C8DB-EC70-F895-FB4066CA3C78}.Debug|Any CPU.Build.0 = Debug|Any CPU
		{875CDF13-C8DB-EC70-F895-FB4066CA3C78}.Release|Any CPU.ActiveCfg = Release|Any CPU
		{875CDF13-C8DB-EC70-F895-FB4066CA3C78}.Release|Any CPU.Build.0 = Release|Any CPU
		{26BEB5F5-03E8-E496-7E97-921952684867}.Debug|Any CPU.ActiveCfg = Debug|Any CPU
		{26BEB5F5-03E8-E496-7E97-921952684867}.Debug|Any CPU.Build.0 = Debug|Any CPU
		{26BEB5F5-03E8-E496-7E97-921952684867}.Release|Any CPU.ActiveCfg = Release|Any CPU
		{26BEB5F5-03E8-E496-7E97-921952684867}.Release|Any CPU.Build.0 = Release|Any CPU
	EndGlobalSection
	GlobalSection(SolutionProperties) = preSolution
		HideSolutionNode = FALSE
	EndGlobalSection
EndGlobal
