
Microsoft Visual Studio Solution File, Format Version 12.00
# Visual Studio 15
Project("{FAE04EC0-301F-11D3-BF4B-00C04F79EFBC}") = "Assembly-CSharp", "Assembly-CSharp.csproj", "{0DC33B56-F5F9-788C-10C1-4EC4F0A2EE56}"
EndProject
Project("{FAE04EC0-301F-11D3-BF4B-00C04F79EFBC}") = "Assembly-CSharp-Editor", "Assembly-CSharp-Editor.csproj", "{EE730043-A252-043B-284F-A4C89F7CF010}"
EndProject
Global
	GlobalSection(SolutionConfigurationPlatforms) = preSolution
		Debug|Any CPU = Debug|Any CPU
		Release|Any CPU = Release|Any CPU
	EndGlobalSection
	GlobalSection(ProjectConfigurationPlatforms) = postSolution
		{0DC33B56-F5F9-788C-10C1-4EC4F0A2EE56}.Debug|Any CPU.ActiveCfg = Debug|Any CPU
		{0DC33B56-F5F9-788C-10C1-4EC4F0A2EE56}.Debug|Any CPU.Build.0 = Debug|Any CPU
		{0DC33B56-F5F9-788C-10C1-4EC4F0A2EE56}.Release|Any CPU.ActiveCfg = Release|Any CPU
		{0DC33B56-F5F9-788C-10C1-4EC4F0A2EE56}.Release|Any CPU.Build.0 = Release|Any CPU
		{EE730043-A252-043B-284F-A4C89F7CF010}.Debug|Any CPU.ActiveCfg = Debug|Any CPU
		{EE730043-A252-043B-284F-A4C89F7CF010}.Debug|Any CPU.Build.0 = Debug|Any CPU
		{EE730043-A252-043B-284F-A4C89F7CF010}.Release|Any CPU.ActiveCfg = Release|Any CPU
		{EE730043-A252-043B-284F-A4C89F7CF010}.Release|Any CPU.Build.0 = Release|Any CPU
	EndGlobalSection
	GlobalSection(SolutionProperties) = preSolution
		HideSolutionNode = FALSE
	EndGlobalSection
EndGlobal
